Microsoft Visual Studio Solution File, Format Version 11.00
# Visual Studio 2008

Project("{3271607C-A4B3-D8B4-DF53-6CD558F78C73}") = "Eduka", "Assembly-CSharp.csproj", "{77E334B4-B162-0964-877E-037AF75B132E}"
EndProject
Global
	GlobalSection(SolutionConfigurationPlatforms) = preSolution
		Debug|Any CPU = Debug|Any CPU
		Release|Any CPU = Release|Any CPU
	EndGlobalSection
	GlobalSection(ProjectConfigurationPlatforms) = postSolution
		{77E334B4-B162-0964-877E-037AF75B132E}.Debug|Any CPU.ActiveCfg = Debug|Any CPU
		{77E334B4-B162-0964-877E-037AF75B132E}.Debug|Any CPU.Build.0 = Debug|Any CPU
		{77E334B4-B162-0964-877E-037AF75B132E}.Release|Any CPU.ActiveCfg = Release|Any CPU
		{77E334B4-B162-0964-877E-037AF75B132E}.Release|Any CPU.Build.0 = Release|Any CPU
	EndGlobalSection
	GlobalSection(SolutionProperties) = preSolution
		HideSolutionNode = FALSE
	EndGlobalSection
		GlobalSection(MonoDevelopProperties) = preSolution
		StartupItem = Assembly-CSharp.csproj
	EndGlobalSection
EndGlobal
